// !$*UTF8*$!
{
	archiveVersion = 1;
	classes = {
	};
	objectVersion = 56;
	objects = {

/* Begin PBXBuildFile section */
		7F6F161D29551BCC004EA112 /* AsyncTestsSampleApp.swift in Sources */ = {isa = PBXBuildFile; fileRef = 7F6F161C29551BCC004EA112 /* AsyncTestsSampleApp.swift */; };
		7F6F161F29551BCC004EA112 /* ContentView.swift in Sources */ = {isa = PBXBuildFile; fileRef = 7F6F161E29551BCC004EA112 /* ContentView.swift */; };
		7F6F162129551BCE004EA112 /* Assets.xcassets in Resources */ = {isa = PBXBuildFile; fileRef = 7F6F162029551BCE004EA112 /* Assets.xcassets */; };
		7F6F162429551BCE004EA112 /* Preview Assets.xcassets in Resources */ = {isa = PBXBuildFile; fileRef = 7F6F162329551BCE004EA112 /* Preview Assets.xcassets */; };
		7F6F162F29551BCE004EA112 /* AsyncTestsSampleTests.swift in Sources */ = {isa = PBXBuildFile; fileRef = 7F6F162E29551BCE004EA112 /* AsyncTestsSampleTests.swift */; };
/* End PBXBuildFile section */

/* Begin PBXContainerItemProxy section */
		7F6F162B29551BCE004EA112 /* PBXContainerItemProxy */ = {
			isa = PBXContainerItemProxy;
			containerPortal = 7F6F161129551BCC004EA112 /* Project object */;
			proxyType = 1;
			remoteGlobalIDString = 7F6F161829551BCC004EA112;
			remoteInfo = AsyncTestsSample;
		};
/* End PBXContainerItemProxy section */

/* Begin PBXFileReference section */
		7F6F161929551BCC004EA112 /* AsyncTestsSample.app */ = {isa = PBXFileReference; explicitFileType = wrapper.application; includeInIndex = 0; path = AsyncTestsSample.app; sourceTree = BUILT_PRODUCTS_DIR; };
		7F6F161C29551BCC004EA112 /* AsyncTestsSampleApp.swift */ = {isa = PBXFileReference; lastKnownFileType = sourcecode.swift; path = AsyncTestsSampleApp.swift; sourceTree = "<group>"; };
		7F6F161E29551BCC004EA112 /* ContentView.swift */ = {isa = PBXFileReference; lastKnownFileType = sourcecode.swift; path = ContentView.swift; sourceTree = "<group>"; };
		7F6F162029551BCE004EA112 /* Assets.xcassets */ = {isa = PBXFileReference; lastKnownFileType = folder.assetcatalog; path = Assets.xcassets; sourceTree = "<group>"; };
		7F6F162329551BCE004EA112 /* Preview Assets.xcassets */ = {isa = PBXFileReference; lastKnownFileType = folder.assetcatalog; path = "Preview Assets.xcassets"; sourceTree = "<group>"; };
		7F6F162529551BCE004EA112 /* AsyncTestsSample.entitlements */ = {isa = PBXFileReference; lastKnownFileType = text.plist.entitlements; path = AsyncTestsSample.entitlements; sourceTree = "<group>"; };
		7F6F162A29551BCE004EA112 /* AsyncTestsSampleTests.xctest */ = {isa = PBXFileReference; explicitFileType = wrapper.cfbundle; includeInIndex = 0; path = AsyncTestsSampleTests.xctest; sourceTree = BUILT_PRODUCTS_DIR; };
		7F6F162E29551BCE004EA112 /* AsyncTestsSampleTests.swift */ = {isa = PBXFileReference; lastKnownFileType = sourcecode.swift; path = AsyncTestsSampleTests.swift; sourceTree = "<group>"; };
/* End PBXFileReference section */

/* Begin PBXFrameworksBuildPhase section */
		7F6F161629551BCC004EA112 /* Frameworks */ = {
			isa = PBXFrameworksBuildPhase;
			buildActionMask = 2147483647;
			files = (
			);
			runOnlyForDeploymentPostprocessing = 0;
		};
		7F6F162729551BCE004EA112 /* Frameworks */ = {
			isa = PBXFrameworksBuildPhase;
			buildActionMask = 2147483647;
			files = (
			);
			runOnlyForDeploymentPostprocessing = 0;
		};
/* End PBXFrameworksBuildPhase section */

/* Begin PBXGroup section */
		7F6F161029551BCC004EA112 = {
			isa = PBXGroup;
			children = (
				7F6F161B29551BCC004EA112 /* AsyncTestsSample */,
				7F6F162D29551BCE004EA112 /* AsyncTestsSampleTests */,
				7F6F161A29551BCC004EA112 /* Products */,
			);
			sourceTree = "<group>";
		};
		7F6F161A29551BCC004EA112 /* Products */ = {
			isa = PBXGroup;
			children = (
				7F6F161929551BCC004EA112 /* AsyncTestsSample.app */,
				7F6F162A29551BCE004EA112 /* AsyncTestsSampleTests.xctest */,
			);
			name = Products;
			sourceTree = "<group>";
		};
		7F6F161B29551BCC004EA112 /* AsyncTestsSample */ = {
			isa = PBXGroup;
			children = (
				7F6F161C29551BCC004EA112 /* AsyncTestsSampleApp.swift */,
				7F6F161E29551BCC004EA112 /* ContentView.swift */,
				7F6F162029551BCE004EA112 /* Assets.xcassets */,
				7F6F162529551BCE004EA112 /* AsyncTestsSample.entitlements */,
				7F6F162229551BCE004EA112 /* Preview Content */,
			);
			path = AsyncTestsSample;
			sourceTree = "<group>";
		};
		7F6F162229551BCE004EA112 /* Preview Content */ = {
			isa = PBXGroup;
			children = (
				7F6F162329551BCE004EA112 /* Preview Assets.xcassets */,
			);
			path = "Preview Content";
			sourceTree = "<group>";
		};
		7F6F162D29551BCE004EA112 /* AsyncTestsSampleTests */ = {
			isa = PBXGroup;
			children = (
				7F6F162E29551BCE004EA112 /* AsyncTestsSampleTests.swift */,
			);
			path = AsyncTestsSampleTests;
			sourceTree = "<group>";
		};
/* End PBXGroup section */

/* Begin PBXNativeTarget section */
		7F6F161829551BCC004EA112 /* AsyncTestsSample */ = {
			isa = PBXNativeTarget;
			buildConfigurationList = 7F6F163E29551BCE004EA112 /* Build configuration list for PBXNativeTarget "AsyncTestsSample" */;
			buildPhases = (
				7F6F161529551BCC004EA112 /* Sources */,
				7F6F161629551BCC004EA112 /* Frameworks */,
				7F6F161729551BCC004EA112 /* Resources */,
			);
			buildRules = (
			);
			dependencies = (
			);
			name = AsyncTestsSample;
			productName = AsyncTestsSample;
			productReference = 7F6F161929551BCC004EA112 /* AsyncTestsSample.app */;
			productType = "com.apple.product-type.application";
		};
		7F6F162929551BCE004EA112 /* AsyncTestsSampleTests */ = {
			isa = PBXNativeTarget;
			buildConfigurationList = 7F6F164129551BCE004EA112 /* Build configuration list for PBXNativeTarget "AsyncTestsSampleTests" */;
			buildPhases = (
				7F6F162629551BCE004EA112 /* Sources */,
				7F6F162729551BCE004EA112 /* Frameworks */,
				7F6F162829551BCE004EA112 /* Resources */,
			);
			buildRules = (
			);
			dependencies = (
				7F6F162C29551BCE004EA112 /* PBXTargetDependency */,
			);
			name = AsyncTestsSampleTests;
			productName = AsyncTestsSampleTests;
			productReference = 7F6F162A29551BCE004EA112 /* AsyncTestsSampleTests.xctest */;
			productType = "com.apple.product-type.bundle.unit-test";
		};
/* End PBXNativeTarget section */

/* Begin PBXProject section */
		7F6F161129551BCC004EA112 /* Project object */ = {
			isa = PBXProject;
			attributes = {
				BuildIndependentTargetsInParallel = 1;
				LastSwiftUpdateCheck = 1420;
				LastUpgradeCheck = 1420;
				TargetAttributes = {
					7F6F161829551BCC004EA112 = {
						CreatedOnToolsVersion = 14.2;
					};
					7F6F162929551BCE004EA112 = {
						CreatedOnToolsVersion = 14.2;
						TestTargetID = 7F6F161829551BCC004EA112;
					};
				};
			};
			buildConfigurationList = 7F6F161429551BCC004EA112 /* Build configuration list for PBXProject "AsyncTestsSample" */;
			compatibilityVersion = "Xcode 14.0";
			developmentRegion = en;
			hasScannedForEncodings = 0;
			knownRegions = (
				en,
				Base,
			);
			mainGroup = 7F6F161029551BCC004EA112;
			productRefGroup = 7F6F161A29551BCC004EA112 /* Products */;
			projectDirPath = "";
			projectRoot = "";
			targets = (
				7F6F161829551BCC004EA112 /* AsyncTestsSample */,
				7F6F162929551BCE004EA112 /* AsyncTestsSampleTests */,
			);
		};
/* End PBXProject section */

/* Begin PBXResourcesBuildPhase section */
		7F6F161729551BCC004EA112 /* Resources */ = {
			isa = PBXResourcesBuildPhase;
			buildActionMask = 2147483647;
			files = (
				7F6F162429551BCE004EA112 /* Preview Assets.xcassets in Resources */,
				7F6F162129551BCE004EA112 /* Assets.xcassets in Resources */,
			);
			runOnlyForDeploymentPostprocessing = 0;
		};
		7F6F162829551BCE004EA112 /* Resources */ = {
			isa = PBXResourcesBuildPhase;
			buildActionMask = 2147483647;
			files = (
			);
			runOnlyForDeploymentPostprocessing = 0;
		};
/* End PBXResourcesBuildPhase section */

/* Begin PBXSourcesBuildPhase section */
		7F6F161529551BCC004EA112 /* Sources */ = {
			isa = PBXSourcesBuildPhase;
			buildActionMask = 2147483647;
			files = (
				7F6F161F29551BCC004EA112 /* ContentView.swift in Sources */,
				7F6F161D29551BCC004EA112 /* AsyncTestsSampleApp.swift in Sources */,
			);
			runOnlyForDeploymentPostprocessing = 0;
		};
		7F6F162629551BCE004EA112 /* Sources */ = {
			isa = PBXSourcesBuildPhase;
			buildActionMask = 2147483647;
			files = (
				7F6F162F29551BCE004EA112 /* AsyncTestsSampleTests.swift in Sources */,
			);
			runOnlyForDeploymentPostprocessing = 0;
		};
/* End PBXSourcesBuildPhase section */

/* Begin PBXTargetDependency section */
		7F6F162C29551BCE004EA112 /* PBXTargetDependency */ = {
			isa = PBXTargetDependency;
			target = 7F6F161829551BCC004EA112 /* AsyncTestsSample */;
			targetProxy = 7F6F162B29551BCE004EA112 /* PBXContainerItemProxy */;
		};
/* End PBXTargetDependency section */

/* Begin XCBuildConfiguration section */
		7F6F163C29551BCE004EA112 /* Debug */ = {
			isa = XCBuildConfiguration;
			buildSettings = {
				ALWAYS_SEARCH_USER_PATHS = NO;
				CLANG_ANALYZER_NONNULL = YES;
				CLANG_ANALYZER_NUMBER_OBJECT_CONVERSION = YES_AGGRESSIVE;
				CLANG_CXX_LANGUAGE_STANDARD = "gnu++20";
				CLANG_ENABLE_MODULES = YES;
				CLANG_ENABLE_OBJC_ARC = YES;
				CLANG_ENABLE_OBJC_WEAK = YES;
				CLANG_WARN_BLOCK_CAPTURE_AUTORELEASING = YES;
				CLANG_WARN_BOOL_CONVERSION = YES;
				CLANG_WARN_COMMA = YES;
				CLANG_WARN_CONSTANT_CONVERSION = YES;
				CLANG_WARN_DEPRECATED_OBJC_IMPLEMENTATIONS = YES;
				CLANG_WARN_DIRECT_OBJC_ISA_USAGE = YES_ERROR;
				CLANG_WARN_DOCUMENTATION_COMMENTS = YES;
				CLANG_WARN_EMPTY_BODY = YES;
				CLANG_WARN_ENUM_CONVERSION = YES;
				CLANG_WARN_INFINITE_RECURSION = YES;
				CLANG_WARN_INT_CONVERSION = YES;
				CLANG_WARN_NON_LITERAL_NULL_CONVERSION = YES;
				CLANG_WARN_OBJC_IMPLICIT_RETAIN_SELF = YES;
				CLANG_WARN_OBJC_LITERAL_CONVERSION = YES;
				CLANG_WARN_OBJC_ROOT_CLASS = YES_ERROR;
				CLANG_WARN_QUOTED_INCLUDE_IN_FRAMEWORK_HEADER = YES;
				CLANG_WARN_RANGE_LOOP_ANALYSIS = YES;
				CLANG_WARN_STRICT_PROTOTYPES = YES;
				CLANG_WARN_SUSPICIOUS_MOVE = YES;
				CLANG_WARN_UNGUARDED_AVAILABILITY = YES_AGGRESSIVE;
				CLANG_WARN_UNREACHABLE_CODE = YES;
				CLANG_WARN__DUPLICATE_METHOD_MATCH = YES;
				COPY_PHASE_STRIP = NO;
				DEBUG_INFORMATION_FORMAT = dwarf;
				ENABLE_STRICT_OBJC_MSGSEND = YES;
				ENABLE_TESTABILITY = YES;
				GCC_C_LANGUAGE_STANDARD = gnu11;
				GCC_DYNAMIC_NO_PIC = NO;
				GCC_NO_COMMON_BLOCKS = YES;
				GCC_OPTIMIZATION_LEVEL = 0;
				GCC_PREPROCESSOR_DEFINITIONS = (
					"DEBUG=1",
					"$(inherited)",
				);
				GCC_WARN_64_TO_32_BIT_CONVERSION = YES;
				GCC_WARN_ABOUT_RETURN_TYPE = YES_ERROR;
				GCC_WARN_UNDECLARED_SELECTOR = YES;
				GCC_WARN_UNINITIALIZED_AUTOS = YES_AGGRESSIVE;
				GCC_WARN_UNUSED_FUNCTION = YES;
				GCC_WARN_UNUSED_VARIABLE = YES;
				MACOSX_DEPLOYMENT_TARGET = 12.6;
				MTL_ENABLE_DEBUG_INFO = INCLUDE_SOURCE;
				MTL_FAST_MATH = YES;
				ONLY_ACTIVE_ARCH = YES;
				SDKROOT = macosx;
				SWIFT_ACTIVE_COMPILATION_CONDITIONS = DEBUG;
				SWIFT_OPTIMIZATION_LEVEL = "-Onone";
			};
			name = Debug;
		};
		7F6F163D29551BCE004EA112 /* Release */ = {
			isa = XCBuildConfiguration;
			buildSettings = {
				ALWAYS_SEARCH_USER_PATHS = NO;
				CLANG_ANALYZER_NONNULL = YES;
				CLANG_ANALYZER_NUMBER_OBJECT_CONVERSION = YES_AGGRESSIVE;
				CLANG_CXX_LANGUAGE_STANDARD = "gnu++20";
				CLANG_ENABLE_MODULES = YES;
				CLANG_ENABLE_OBJC_ARC = YES;
				CLANG_ENABLE_OBJC_WEAK = YES;
				CLANG_WARN_BLOCK_CAPTURE_AUTORELEASING = YES;
				CLANG_WARN_BOOL_CONVERSION = YES;
				CLANG_WARN_COMMA = YES;
				CLANG_WARN_CONSTANT_CONVERSION = YES;
				CLANG_WARN_DEPRECATED_OBJC_IMPLEMENTATIONS = YES;
				CLANG_WARN_DIRECT_OBJC_ISA_USAGE = YES_ERROR;
				CLANG_WARN_DOCUMENTATION_COMMENTS = YES;
				CLANG_WARN_EMPTY_BODY = YES;
				CLANG_WARN_ENUM_CONVERSION = YES;
				CLANG_WARN_INFINITE_RECURSION = YES;
				CLANG_WARN_INT_CONVERSION = YES;
				CLANG_WARN_NON_LITERAL_NULL_CONVERSION = YES;
				CLANG_WARN_OBJC_IMPLICIT_RETAIN_SELF = YES;
				CLANG_WARN_OBJC_LITERAL_CONVERSION = YES;
				CLANG_WARN_OBJC_ROOT_CLASS = YES_ERROR;
				CLANG_WARN_QUOTED_INCLUDE_IN_FRAMEWORK_HEADER = YES;
				CLANG_WARN_RANGE_LOOP_ANALYSIS = YES;
				CLANG_WARN_STRICT_PROTOTYPES = YES;
				CLANG_WARN_SUSPICIOUS_MOVE = YES;
				CLANG_WARN_UNGUARDED_AVAILABILITY = YES_AGGRESSIVE;
				CLANG_WARN_UNREACHABLE_CODE = YES;
				CLANG_WARN__DUPLICATE_METHOD_MATCH = YES;
				COPY_PHASE_STRIP = NO;
				DEBUG_INFORMATION_FORMAT = "dwarf-with-dsym";
				ENABLE_NS_ASSERTIONS = NO;
				ENABLE_STRICT_OBJC_MSGSEND = YES;
				GCC_C_LANGUAGE_STANDARD = gnu11;
				GCC_NO_COMMON_BLOCKS = YES;
				GCC_WARN_64_TO_32_BIT_CONVERSION = YES;
				GCC_WARN_ABOUT_RETURN_TYPE = YES_ERROR;
				GCC_WARN_UNDECLARED_SELECTOR = YES;
				GCC_WARN_UNINITIALIZED_AUTOS = YES_AGGRESSIVE;
				GCC_WARN_UNUSED_FUNCTION = YES;
				GCC_WARN_UNUSED_VARIABLE = YES;
				MACOSX_DEPLOYMENT_TARGET = 12.6;
				MTL_ENABLE_DEBUG_INFO = NO;
				MTL_FAST_MATH = YES;
				SDKROOT = macosx;
				SWIFT_COMPILATION_MODE = wholemodule;
				SWIFT_OPTIMIZATION_LEVEL = "-O";
			};
			name = Release;
		};
		7F6F163F29551BCE004EA112 /* Debug */ = {
			isa = XCBuildConfiguration;
			buildSettings = {
				ASSETCATALOG_COMPILER_APPICON_NAME = AppIcon;
				ASSETCATALOG_COMPILER_GLOBAL_ACCENT_COLOR_NAME = AccentColor;
				CODE_SIGN_ENTITLEMENTS = AsyncTestsSample/AsyncTestsSample.entitlements;
				CODE_SIGN_STYLE = Automatic;
				COMBINE_HIDPI_IMAGES = YES;
				CURRENT_PROJECT_VERSION = 1;
				DEVELOPMENT_ASSET_PATHS = "\"AsyncTestsSample/Preview Content\"";
				ENABLE_PREVIEWS = YES;
				GENERATE_INFOPLIST_FILE = YES;
				INFOPLIST_KEY_NSHumanReadableCopyright = "";
				LD_RUNPATH_SEARCH_PATHS = (
					"$(inherited)",
					"@executable_path/../Frameworks",
				);
				MARKETING_VERSION = 1.0;
				PRODUCT_BUNDLE_IDENTIFIER = computer.gareth.AsyncTestsSample;
				PRODUCT_NAME = "$(TARGET_NAME)";
				SWIFT_EMIT_LOC_STRINGS = YES;
				SWIFT_VERSION = 5.0;
			};
			name = Debug;
		};
		7F6F164029551BCE004EA112 /* Release */ = {
			isa = XCBuildConfiguration;
			buildSettings = {
				ASSETCATALOG_COMPILER_APPICON_NAME = AppIcon;
				ASSETCATALOG_COMPILER_GLOBAL_ACCENT_COLOR_NAME = AccentColor;
				CODE_SIGN_ENTITLEMENTS = AsyncTestsSample/AsyncTestsSample.entitlements;
				CODE_SIGN_STYLE = Automatic;
				COMBINE_HIDPI_IMAGES = YES;
				CURRENT_PROJECT_VERSION = 1;
				DEVELOPMENT_ASSET_PATHS = "\"AsyncTestsSample/Preview Content\"";
				ENABLE_PREVIEWS = YES;
				GENERATE_INFOPLIST_FILE = YES;
				INFOPLIST_KEY_NSHumanReadableCopyright = "";
				LD_RUNPATH_SEARCH_PATHS = (
					"$(inherited)",
					"@executable_path/../Frameworks",
				);
				MARKETING_VERSION = 1.0;
				PRODUCT_BUNDLE_IDENTIFIER = computer.gareth.AsyncTestsSample;
				PRODUCT_NAME = "$(TARGET_NAME)";
				SWIFT_EMIT_LOC_STRINGS = YES;
				SWIFT_VERSION = 5.0;
			};
			name = Release;
		};
		7F6F164229551BCE004EA112 /* Debug */ = {
			isa = XCBuildConfiguration;
			buildSettings = {
				ALWAYS_EMBED_SWIFT_STANDARD_LIBRARIES = YES;
				BUNDLE_LOADER = "$(TEST_HOST)";
				CODE_SIGN_STYLE = Automatic;
				CURRENT_PROJECT_VERSION = 1;
				GENERATE_INFOPLIST_FILE = YES;
				MACOSX_DEPLOYMENT_TARGET = 12.6;
				MARKETING_VERSION = 1.0;
				PRODUCT_BUNDLE_IDENTIFIER = computer.gareth.AsyncTestsSampleTests;
				PRODUCT_NAME = "$(TARGET_NAME)";
				SWIFT_EMIT_LOC_STRINGS = NO;
				SWIFT_VERSION = 5.0;
				TEST_HOST = "$(BUILT_PRODUCTS_DIR)/AsyncTestsSample.app/$(BUNDLE_EXECUTABLE_FOLDER_PATH)/AsyncTestsSample";
			};
			name = Debug;
		};
		7F6F164329551BCE004EA112 /* Release */ = {
			isa = XCBuildConfiguration;
			buildSettings = {
				ALWAYS_EMBED_SWIFT_STANDARD_LIBRARIES = YES;
				BUNDLE_LOADER = "$(TEST_HOST)";
				CODE_SIGN_STYLE = Automatic;
				CURRENT_PROJECT_VERSION = 1;
				GENERATE_INFOPLIST_FILE = YES;
				MACOSX_DEPLOYMENT_TARGET = 12.6;
				MARKETING_VERSION = 1.0;
				PRODUCT_BUNDLE_IDENTIFIER = computer.gareth.AsyncTestsSampleTests;
				PRODUCT_NAME = "$(TARGET_NAME)";
				SWIFT_EMIT_LOC_STRINGS = NO;
				SWIFT_VERSION = 5.0;
				TEST_HOST = "$(BUILT_PRODUCTS_DIR)/AsyncTestsSample.app/$(BUNDLE_EXECUTABLE_FOLDER_PATH)/AsyncTestsSample";
			};
			name = Release;
		};
/* End XCBuildConfiguration section */

/* Begin XCConfigurationList section */
		7F6F161429551BCC004EA112 /* Build configuration list for PBXProject "AsyncTestsSample" */ = {
			isa = XCConfigurationList;
			buildConfigurations = (
				7F6F163C29551BCE004EA112 /* Debug */,
				7F6F163D29551BCE004EA112 /* Release */,
			);
			defaultConfigurationIsVisible = 0;
			defaultConfigurationName = Release;
		};
		7F6F163E29551BCE004EA112 /* Build configuration list for PBXNativeTarget "AsyncTestsSample" */ = {
			isa = XCConfigurationList;
			buildConfigurations = (
				7F6F163F29551BCE004EA112 /* Debug */,
				7F6F164029551BCE004EA112 /* Release */,
			);
			defaultConfigurationIsVisible = 0;
			defaultConfigurationName = Release;
		};
		7F6F164129551BCE004EA112 /* Build configuration list for PBXNativeTarget "AsyncTestsSampleTests" */ = {
			isa = XCConfigurationList;
			buildConfigurations = (
				7F6F164229551BCE004EA112 /* Debug */,
				7F6F164329551BCE004EA112 /* Release */,
			);
			defaultConfigurationIsVisible = 0;
			defaultConfigurationName = Release;
		};
/* End XCConfigurationList section */
	};
	rootObject = 7F6F161129551BCC004EA112 /* Project object */;
}
